
Microsoft Visual Studio Solution File, Format Version 12.00
# Visual Studio Version 17
VisualStudioVersion = 17.13.35919.96 d17.13
MinimumVisualStudioVersion = 10.0.40219.1
Project("{FAE04EC0-301F-11D3-BF4B-00C04F79EFBC}") = "GenderNeutralizer.App", "GenderNeutralizer.App\GenderNeutralizer.App.csproj", "{F20739F1-10F6-4A1C-9AB8-CCA08F33C46C}"
EndProject
Project("{FAE04EC0-301F-11D3-BF4B-00C04F79EFBC}") = "GenderNeutralizer.App.Client", "GenderNeutralizer.App.Client\GenderNeutralizer.App.Client.csproj", "{C296D07F-B28E-4CB4-AC00-82431C5A658E}"
EndProject
Global
	GlobalSection(SolutionConfigurationPlatforms) = preSolution
		Debug|Any CPU = Debug|Any CPU
		Release|Any CPU = Release|Any CPU
	EndGlobalSection
	GlobalSection(ProjectConfigurationPlatforms) = postSolution
		{F20739F1-10F6-4A1C-9AB8-CCA08F33C46C}.Debug|Any CPU.ActiveCfg = Debug|Any CPU
		{F20739F1-10F6-4A1C-9AB8-CCA08F33C46C}.Debug|Any CPU.Build.0 = Debug|Any CPU
		{F20739F1-10F6-4A1C-9AB8-CCA08F33C46C}.Release|Any CPU.ActiveCfg = Release|Any CPU
		{F20739F1-10F6-4A1C-9AB8-CCA08F33C46C}.Release|Any CPU.Build.0 = Release|Any CPU
		{C296D07F-B28E-4CB4-AC00-82431C5A658E}.Debug|Any CPU.ActiveCfg = Debug|Any CPU
		{C296D07F-B28E-4CB4-AC00-82431C5A658E}.Debug|Any CPU.Build.0 = Debug|Any CPU
		{C296D07F-B28E-4CB4-AC00-82431C5A658E}.Release|Any CPU.ActiveCfg = Release|Any CPU
		{C296D07F-B28E-4CB4-AC00-82431C5A658E}.Release|Any CPU.Build.0 = Release|Any CPU
	EndGlobalSection
	GlobalSection(SolutionProperties) = preSolution
		HideSolutionNode = FALSE
	EndGlobalSection
	GlobalSection(ExtensibilityGlobals) = postSolution
		SolutionGuid = {578A3096-D990-4916-9125-142D4FAF738A}
	EndGlobalSection
EndGlobal
